
Microsoft Visual Studio Solution File, Format Version 12.00
# Visual Studio Version 17
VisualStudioVersion = 17.6.33815.320
MinimumVisualStudioVersion = 10.0.40219.1
Project("{8BC9CEB8-8B4A-11D0-8D11-00A0C91BC942}") = "5-1", "5-1\5-1.vcxproj", "{F756D9EF-AC87-414E-8719-0DBF596AC58A}"
EndProject
Project("{8BC9CEB8-8B4A-11D0-8D11-00A0C91BC942}") = "5-2", "5-2\5-2.vcxproj", "{3491AD8E-1D2B-4FCD-BD2D-8FC196BBCBF6}"
EndProject
Project("{8BC9CEB8-8B4A-11D0-8D11-00A0C91BC942}") = "5-3", "5-3\5-3.vcxproj", "{5F304B1E-4349-44CE-B311-E55EDA82E127}"
EndProject
Project("{8BC9CEB8-8B4A-11D0-8D11-00A0C91BC942}") = "5-4", "5-4\5-4.vcxproj", "{476B8BAC-F70A-445B-9230-F5CE858448B1}"
EndProject
Project("{8BC9CEB8-8B4A-11D0-8D11-00A0C91BC942}") = "5-5", "5-5\5-5.vcxproj", "{3109B045-6A80-4080-9D40-BC5887DFD40D}"
EndProject
Project("{8BC9CEB8-8B4A-11D0-8D11-00A0C91BC942}") = "5-6", "5-6\5-6.vcxproj", "{8E0B1E92-0C77-4DBA-AA0A-FC0F470BE354}"
EndProject
Project("{8BC9CEB8-8B4A-11D0-8D11-00A0C91BC942}") = "5-7", "5-7\5-7.vcxproj", "{3E6DC599-0E56-436E-B0A0-AA5F9B3A6FAE}"
EndProject
Project("{8BC9CEB8-8B4A-11D0-8D11-00A0C91BC942}") = "5-8", "5-8\5-8.vcxproj", "{C52D6002-D23B-4042-AE1C-F9E327A5BD05}"
EndProject
Project("{8BC9CEB8-8B4A-11D0-8D11-00A0C91BC942}") = "5-9", "5-9\5-9.vcxproj", "{35D7084E-2F7B-4D0C-9274-E0C79CF4998D}"
EndProject
Project("{8BC9CEB8-8B4A-11D0-8D11-00A0C91BC942}") = "5-10", "5-10\5-10.vcxproj", "{CDB38BA0-0F87-46BC-81D7-7A82CC7BB82D}"
EndProject
Project("{8BC9CEB8-8B4A-11D0-8D11-00A0C91BC942}") = "5-11", "5-11\5-11.vcxproj", "{705BE012-2465-412B-A9B7-029E62FE24A2}"
EndProject
Project("{8BC9CEB8-8B4A-11D0-8D11-00A0C91BC942}") = "5-12", "5-12\5-12.vcxproj", "{79B0BC32-D128-439F-A186-D35B29C172ED}"
EndProject
Global
	GlobalSection(SolutionConfigurationPlatforms) = preSolution
		Debug|x64 = Debug|x64
		Debug|x86 = Debug|x86
		Release|x64 = Release|x64
		Release|x86 = Release|x86
	EndGlobalSection
	GlobalSection(ProjectConfigurationPlatforms) = postSolution
		{F756D9EF-AC87-414E-8719-0DBF596AC58A}.Debug|x64.ActiveCfg = Debug|x64
		{F756D9EF-AC87-414E-8719-0DBF596AC58A}.Debug|x64.Build.0 = Debug|x64
		{F756D9EF-AC87-414E-8719-0DBF596AC58A}.Debug|x86.ActiveCfg = Debug|Win32
		{F756D9EF-AC87-414E-8719-0DBF596AC58A}.Debug|x86.Build.0 = Debug|Win32
		{F756D9EF-AC87-414E-8719-0DBF596AC58A}.Release|x64.ActiveCfg = Release|x64
		{F756D9EF-AC87-414E-8719-0DBF596AC58A}.Release|x64.Build.0 = Release|x64
		{F756D9EF-AC87-414E-8719-0DBF596AC58A}.Release|x86.ActiveCfg = Release|Win32
		{F756D9EF-AC87-414E-8719-0DBF596AC58A}.Release|x86.Build.0 = Release|Win32
		{3491AD8E-1D2B-4FCD-BD2D-8FC196BBCBF6}.Debug|x64.ActiveCfg = Debug|x64
		{3491AD8E-1D2B-4FCD-BD2D-8FC196BBCBF6}.Debug|x64.Build.0 = Debug|x64
		{3491AD8E-1D2B-4FCD-BD2D-8FC196BBCBF6}.Debug|x86.ActiveCfg = Debug|Win32
		{3491AD8E-1D2B-4FCD-BD2D-8FC196BBCBF6}.Debug|x86.Build.0 = Debug|Win32
		{3491AD8E-1D2B-4FCD-BD2D-8FC196BBCBF6}.Release|x64.ActiveCfg = Release|x64
		{3491AD8E-1D2B-4FCD-BD2D-8FC196BBCBF6}.Release|x64.Build.0 = Release|x64
		{3491AD8E-1D2B-4FCD-BD2D-8FC196BBCBF6}.Release|x86.ActiveCfg = Release|Win32
		{3491AD8E-1D2B-4FCD-BD2D-8FC196BBCBF6}.Release|x86.Build.0 = Release|Win32
		{5F304B1E-4349-44CE-B311-E55EDA82E127}.Debug|x64.ActiveCfg = Debug|x64
		{5F304B1E-4349-44CE-B311-E55EDA82E127}.Debug|x64.Build.0 = Debug|x64
		{5F304B1E-4349-44CE-B311-E55EDA82E127}.Debug|x86.ActiveCfg = Debug|Win32
		{5F304B1E-4349-44CE-B311-E55EDA82E127}.Debug|x86.Build.0 = Debug|Win32
		{5F304B1E-4349-44CE-B311-E55EDA82E127}.Release|x64.ActiveCfg = Release|x64
		{5F304B1E-4349-44CE-B311-E55EDA82E127}.Release|x64.Build.0 = Release|x64
		{5F304B1E-4349-44CE-B311-E55EDA82E127}.Release|x86.ActiveCfg = Release|Win32
		{5F304B1E-4349-44CE-B311-E55EDA82E127}.Release|x86.Build.0 = Release|Win32
		{476B8BAC-F70A-445B-9230-F5CE858448B1}.Debug|x64.ActiveCfg = Debug|x64
		{476B8BAC-F70A-445B-9230-F5CE858448B1}.Debug|x64.Build.0 = Debug|x64
		{476B8BAC-F70A-445B-9230-F5CE858448B1}.Debug|x86.ActiveCfg = Debug|Win32
		{476B8BAC-F70A-445B-9230-F5CE858448B1}.Debug|x86.Build.0 = Debug|Win32
		{476B8BAC-F70A-445B-9230-F5CE858448B1}.Release|x64.ActiveCfg = Release|x64
		{476B8BAC-F70A-445B-9230-F5CE858448B1}.Release|x64.Build.0 = Release|x64
		{476B8BAC-F70A-445B-9230-F5CE858448B1}.Release|x86.ActiveCfg = Release|Win32
		{476B8BAC-F70A-445B-9230-F5CE858448B1}.Release|x86.Build.0 = Release|Win32
		{3109B045-6A80-4080-9D40-BC5887DFD40D}.Debug|x64.ActiveCfg = Debug|x64
		{3109B045-6A80-4080-9D40-BC5887DFD40D}.Debug|x64.Build.0 = Debug|x64
		{3109B045-6A80-4080-9D40-BC5887DFD40D}.Debug|x86.ActiveCfg = Debug|Win32
		{3109B045-6A80-4080-9D40-BC5887DFD40D}.Debug|x86.Build.0 = Debug|Win32
		{3109B045-6A80-4080-9D40-BC5887DFD40D}.Release|x64.ActiveCfg = Release|x64
		{3109B045-6A80-4080-9D40-BC5887DFD40D}.Release|x64.Build.0 = Release|x64
		{3109B045-6A80-4080-9D40-BC5887DFD40D}.Release|x86.ActiveCfg = Release|Win32
		{3109B045-6A80-4080-9D40-BC5887DFD40D}.Release|x86.Build.0 = Release|Win32
		{8E0B1E92-0C77-4DBA-AA0A-FC0F470BE354}.Debug|x64.ActiveCfg = Debug|x64
		{8E0B1E92-0C77-4DBA-AA0A-FC0F470BE354}.Debug|x64.Build.0 = Debug|x64
		{8E0B1E92-0C77-4DBA-AA0A-FC0F470BE354}.Debug|x86.ActiveCfg = Debug|Win32
		{8E0B1E92-0C77-4DBA-AA0A-FC0F470BE354}.Debug|x86.Build.0 = Debug|Win32
		{8E0B1E92-0C77-4DBA-AA0A-FC0F470BE354}.Release|x64.ActiveCfg = Release|x64
		{8E0B1E92-0C77-4DBA-AA0A-FC0F470BE354}.Release|x64.Build.0 = Release|x64
		{8E0B1E92-0C77-4DBA-AA0A-FC0F470BE354}.Release|x86.ActiveCfg = Release|Win32
		{8E0B1E92-0C77-4DBA-AA0A-FC0F470BE354}.Release|x86.Build.0 = Release|Win32
		{3E6DC599-0E56-436E-B0A0-AA5F9B3A6FAE}.Debug|x64.ActiveCfg = Debug|x64
		{3E6DC599-0E56-436E-B0A0-AA5F9B3A6FAE}.Debug|x64.Build.0 = Debug|x64
		{3E6DC599-0E56-436E-B0A0-AA5F9B3A6FAE}.Debug|x86.ActiveCfg = Debug|Win32
		{3E6DC599-0E56-436E-B0A0-AA5F9B3A6FAE}.Debug|x86.Build.0 = Debug|Win32
		{3E6DC599-0E56-436E-B0A0-AA5F9B3A6FAE}.Release|x64.ActiveCfg = Release|x64
		{3E6DC599-0E56-436E-B0A0-AA5F9B3A6FAE}.Release|x64.Build.0 = Release|x64
		{3E6DC599-0E56-436E-B0A0-AA5F9B3A6FAE}.Release|x86.ActiveCfg = Release|Win32
		{3E6DC599-0E56-436E-B0A0-AA5F9B3A6FAE}.Release|x86.Build.0 = Release|Win32
		{C52D6002-D23B-4042-AE1C-F9E327A5BD05}.Debug|x64.ActiveCfg = Debug|x64
		{C52D6002-D23B-4042-AE1C-F9E327A5BD05}.Debug|x64.Build.0 = Debug|x64
		{C52D6002-D23B-4042-AE1C-F9E327A5BD05}.Debug|x86.ActiveCfg = Debug|Win32
		{C52D6002-D23B-4042-AE1C-F9E327A5BD05}.Debug|x86.Build.0 = Debug|Win32
		{C52D6002-D23B-4042-AE1C-F9E327A5BD05}.Release|x64.ActiveCfg = Release|x64
		{C52D6002-D23B-4042-AE1C-F9E327A5BD05}.Release|x64.Build.0 = Release|x64
		{C52D6002-D23B-4042-AE1C-F9E327A5BD05}.Release|x86.ActiveCfg = Release|Win32
		{C52D6002-D23B-4042-AE1C-F9E327A5BD05}.Release|x86.Build.0 = Release|Win32
		{35D7084E-2F7B-4D0C-9274-E0C79CF4998D}.Debug|x64.ActiveCfg = Debug|x64
		{35D7084E-2F7B-4D0C-9274-E0C79CF4998D}.Debug|x64.Build.0 = Debug|x64
		{35D7084E-2F7B-4D0C-9274-E0C79CF4998D}.Debug|x86.ActiveCfg = Debug|Win32
		{35D7084E-2F7B-4D0C-9274-E0C79CF4998D}.Debug|x86.Build.0 = Debug|Win32
		{35D7084E-2F7B-4D0C-9274-E0C79CF4998D}.Release|x64.ActiveCfg = Release|x64
		{35D7084E-2F7B-4D0C-9274-E0C79CF4998D}.Release|x64.Build.0 = Release|x64
		{35D7084E-2F7B-4D0C-9274-E0C79CF4998D}.Release|x86.ActiveCfg = Release|Win32
		{35D7084E-2F7B-4D0C-9274-E0C79CF4998D}.Release|x86.Build.0 = Release|Win32
		{CDB38BA0-0F87-46BC-81D7-7A82CC7BB82D}.Debug|x64.ActiveCfg = Debug|x64
		{CDB38BA0-0F87-46BC-81D7-7A82CC7BB82D}.Debug|x64.Build.0 = Debug|x64
		{CDB38BA0-0F87-46BC-81D7-7A82CC7BB82D}.Debug|x86.ActiveCfg = Debug|Win32
		{CDB38BA0-0F87-46BC-81D7-7A82CC7BB82D}.Debug|x86.Build.0 = Debug|Win32
		{CDB38BA0-0F87-46BC-81D7-7A82CC7BB82D}.Release|x64.ActiveCfg = Release|x64
		{CDB38BA0-0F87-46BC-81D7-7A82CC7BB82D}.Release|x64.Build.0 = Release|x64
		{CDB38BA0-0F87-46BC-81D7-7A82CC7BB82D}.Release|x86.ActiveCfg = Release|Win32
		{CDB38BA0-0F87-46BC-81D7-7A82CC7BB82D}.Release|x86.Build.0 = Release|Win32
		{705BE012-2465-412B-A9B7-029E62FE24A2}.Debug|x64.ActiveCfg = Debug|x64
		{705BE012-2465-412B-A9B7-029E62FE24A2}.Debug|x64.Build.0 = Debug|x64
		{705BE012-2465-412B-A9B7-029E62FE24A2}.Debug|x86.ActiveCfg = Debug|Win32
		{705BE012-2465-412B-A9B7-029E62FE24A2}.Debug|x86.Build.0 = Debug|Win32
		{705BE012-2465-412B-A9B7-029E62FE24A2}.Release|x64.ActiveCfg = Release|x64
		{705BE012-2465-412B-A9B7-029E62FE24A2}.Release|x64.Build.0 = Release|x64
		{705BE012-2465-412B-A9B7-029E62FE24A2}.Release|x86.ActiveCfg = Release|Win32
		{705BE012-2465-412B-A9B7-029E62FE24A2}.Release|x86.Build.0 = Release|Win32
		{79B0BC32-D128-439F-A186-D35B29C172ED}.Debug|x64.ActiveCfg = Debug|x64
		{79B0BC32-D128-439F-A186-D35B29C172ED}.Debug|x64.Build.0 = Debug|x64
		{79B0BC32-D128-439F-A186-D35B29C172ED}.Debug|x86.ActiveCfg = Debug|Win32
		{79B0BC32-D128-439F-A186-D35B29C172ED}.Debug|x86.Build.0 = Debug|Win32
		{79B0BC32-D128-439F-A186-D35B29C172ED}.Release|x64.ActiveCfg = Release|x64
		{79B0BC32-D128-439F-A186-D35B29C172ED}.Release|x64.Build.0 = Release|x64
		{79B0BC32-D128-439F-A186-D35B29C172ED}.Release|x86.ActiveCfg = Release|Win32
		{79B0BC32-D128-439F-A186-D35B29C172ED}.Release|x86.Build.0 = Release|Win32
	EndGlobalSection
	GlobalSection(SolutionProperties) = preSolution
		HideSolutionNode = FALSE
	EndGlobalSection
	GlobalSection(ExtensibilityGlobals) = postSolution
		SolutionGuid = {443E6C8C-7017-49A4-8B68-16DCF44CEFC4}
	EndGlobalSection
EndGlobal
