
Microsoft Visual Studio Solution File, Format Version 12.00
# Visual Studio Version 17
VisualStudioVersion = 17.6.33815.320
MinimumVisualStudioVersion = 10.0.40219.1
Project("{8BC9CEB8-8B4A-11D0-8D11-00A0C91BC942}") = "7-1", "7-1\7-1.vcxproj", "{67650A20-3524-4D90-8953-F4C47D477921}"
EndProject
Project("{8BC9CEB8-8B4A-11D0-8D11-00A0C91BC942}") = "7-1-1", "7-1-1\7-1-1.vcxproj", "{729EEE19-2C11-4C23-9B29-45831E54F07E}"
EndProject
Project("{8BC9CEB8-8B4A-11D0-8D11-00A0C91BC942}") = "7-2", "7-2\7-2.vcxproj", "{BF66D062-9FC6-4904-9BF5-D6A468FE0E89}"
EndProject
Project("{8BC9CEB8-8B4A-11D0-8D11-00A0C91BC942}") = "7-2-2", "7-2-2\7-2-2.vcxproj", "{9822839C-384A-4AFE-A678-ACDD27062851}"
EndProject
Project("{8BC9CEB8-8B4A-11D0-8D11-00A0C91BC942}") = "7-3", "7-3\7-3.vcxproj", "{E22BEBE5-9E1A-49A9-B419-63B42AAA531C}"
EndProject
Project("{8BC9CEB8-8B4A-11D0-8D11-00A0C91BC942}") = "7-4", "7-4\7-4.vcxproj", "{445D426B-ED2F-4722-AA29-8839AB3BF3CD}"
EndProject
Project("{8BC9CEB8-8B4A-11D0-8D11-00A0C91BC942}") = "7-5", "7-5\7-5.vcxproj", "{7DDA2AD6-0DD7-410D-ABBD-0C2E487C7ECB}"
EndProject
Project("{8BC9CEB8-8B4A-11D0-8D11-00A0C91BC942}") = "7-5-2", "7-5-2\7-5-2.vcxproj", "{069A4DA1-6574-421E-AC1F-8D6AF832ADEC}"
EndProject
Project("{8BC9CEB8-8B4A-11D0-8D11-00A0C91BC942}") = "7-6", "7-6\7-6.vcxproj", "{863AFA80-428F-4FB1-9965-F8D8F59D84D4}"
EndProject
Project("{8BC9CEB8-8B4A-11D0-8D11-00A0C91BC942}") = "7-6-2", "7-6-2\7-6-2.vcxproj", "{1F954230-5145-4F7D-A2B0-A1F699ADD20C}"
EndProject
Project("{8BC9CEB8-8B4A-11D0-8D11-00A0C91BC942}") = "7-7", "7-7\7-7.vcxproj", "{EBBE65FF-0CD6-481E-933D-752EA826258E}"
EndProject
Project("{8BC9CEB8-8B4A-11D0-8D11-00A0C91BC942}") = "7-8", "7-8\7-8.vcxproj", "{2B9EEFCF-E101-4B43-902F-581B273FF4DE}"
EndProject
Project("{8BC9CEB8-8B4A-11D0-8D11-00A0C91BC942}") = "7-7-2", "7-7-2\7-7-2.vcxproj", "{43FED207-F80C-4521-A64B-9A7971586969}"
EndProject
Project("{8BC9CEB8-8B4A-11D0-8D11-00A0C91BC942}") = "7-9", "7-9\7-9.vcxproj", "{18F8CFD1-4BAA-4C6C-9873-C240F6647364}"
EndProject
Project("{8BC9CEB8-8B4A-11D0-8D11-00A0C91BC942}") = "7-10", "7-10\7-10.vcxproj", "{89E6FDFE-FB0C-4285-968D-6EE8FB45D1C5}"
EndProject
Project("{8BC9CEB8-8B4A-11D0-8D11-00A0C91BC942}") = "7-11", "7-11\7-11.vcxproj", "{35B5AE6E-999E-45CA-843F-2A5AF6D02930}"
EndProject
Project("{8BC9CEB8-8B4A-11D0-8D11-00A0C91BC942}") = "7-12", "7-12\7-12.vcxproj", "{CFE77373-4CF0-4950-857F-A761C37279B6}"
EndProject
Global
	GlobalSection(SolutionConfigurationPlatforms) = preSolution
		Debug|x64 = Debug|x64
		Debug|x86 = Debug|x86
		Release|x64 = Release|x64
		Release|x86 = Release|x86
	EndGlobalSection
	GlobalSection(ProjectConfigurationPlatforms) = postSolution
		{67650A20-3524-4D90-8953-F4C47D477921}.Debug|x64.ActiveCfg = Debug|x64
		{67650A20-3524-4D90-8953-F4C47D477921}.Debug|x64.Build.0 = Debug|x64
		{67650A20-3524-4D90-8953-F4C47D477921}.Debug|x86.ActiveCfg = Debug|Win32
		{67650A20-3524-4D90-8953-F4C47D477921}.Debug|x86.Build.0 = Debug|Win32
		{67650A20-3524-4D90-8953-F4C47D477921}.Release|x64.ActiveCfg = Release|x64
		{67650A20-3524-4D90-8953-F4C47D477921}.Release|x64.Build.0 = Release|x64
		{67650A20-3524-4D90-8953-F4C47D477921}.Release|x86.ActiveCfg = Release|Win32
		{67650A20-3524-4D90-8953-F4C47D477921}.Release|x86.Build.0 = Release|Win32
		{729EEE19-2C11-4C23-9B29-45831E54F07E}.Debug|x64.ActiveCfg = Debug|x64
		{729EEE19-2C11-4C23-9B29-45831E54F07E}.Debug|x64.Build.0 = Debug|x64
		{729EEE19-2C11-4C23-9B29-45831E54F07E}.Debug|x86.ActiveCfg = Debug|Win32
		{729EEE19-2C11-4C23-9B29-45831E54F07E}.Debug|x86.Build.0 = Debug|Win32
		{729EEE19-2C11-4C23-9B29-45831E54F07E}.Release|x64.ActiveCfg = Release|x64
		{729EEE19-2C11-4C23-9B29-45831E54F07E}.Release|x64.Build.0 = Release|x64
		{729EEE19-2C11-4C23-9B29-45831E54F07E}.Release|x86.ActiveCfg = Release|Win32
		{729EEE19-2C11-4C23-9B29-45831E54F07E}.Release|x86.Build.0 = Release|Win32
		{BF66D062-9FC6-4904-9BF5-D6A468FE0E89}.Debug|x64.ActiveCfg = Debug|x64
		{BF66D062-9FC6-4904-9BF5-D6A468FE0E89}.Debug|x64.Build.0 = Debug|x64
		{BF66D062-9FC6-4904-9BF5-D6A468FE0E89}.Debug|x86.ActiveCfg = Debug|Win32
		{BF66D062-9FC6-4904-9BF5-D6A468FE0E89}.Debug|x86.Build.0 = Debug|Win32
		{BF66D062-9FC6-4904-9BF5-D6A468FE0E89}.Release|x64.ActiveCfg = Release|x64
		{BF66D062-9FC6-4904-9BF5-D6A468FE0E89}.Release|x64.Build.0 = Release|x64
		{BF66D062-9FC6-4904-9BF5-D6A468FE0E89}.Release|x86.ActiveCfg = Release|Win32
		{BF66D062-9FC6-4904-9BF5-D6A468FE0E89}.Release|x86.Build.0 = Release|Win32
		{9822839C-384A-4AFE-A678-ACDD27062851}.Debug|x64.ActiveCfg = Debug|x64
		{9822839C-384A-4AFE-A678-ACDD27062851}.Debug|x64.Build.0 = Debug|x64
		{9822839C-384A-4AFE-A678-ACDD27062851}.Debug|x86.ActiveCfg = Debug|Win32
		{9822839C-384A-4AFE-A678-ACDD27062851}.Debug|x86.Build.0 = Debug|Win32
		{9822839C-384A-4AFE-A678-ACDD27062851}.Release|x64.ActiveCfg = Release|x64
		{9822839C-384A-4AFE-A678-ACDD27062851}.Release|x64.Build.0 = Release|x64
		{9822839C-384A-4AFE-A678-ACDD27062851}.Release|x86.ActiveCfg = Release|Win32
		{9822839C-384A-4AFE-A678-ACDD27062851}.Release|x86.Build.0 = Release|Win32
		{E22BEBE5-9E1A-49A9-B419-63B42AAA531C}.Debug|x64.ActiveCfg = Debug|x64
		{E22BEBE5-9E1A-49A9-B419-63B42AAA531C}.Debug|x64.Build.0 = Debug|x64
		{E22BEBE5-9E1A-49A9-B419-63B42AAA531C}.Debug|x86.ActiveCfg = Debug|Win32
		{E22BEBE5-9E1A-49A9-B419-63B42AAA531C}.Debug|x86.Build.0 = Debug|Win32
		{E22BEBE5-9E1A-49A9-B419-63B42AAA531C}.Release|x64.ActiveCfg = Release|x64
		{E22BEBE5-9E1A-49A9-B419-63B42AAA531C}.Release|x64.Build.0 = Release|x64
		{E22BEBE5-9E1A-49A9-B419-63B42AAA531C}.Release|x86.ActiveCfg = Release|Win32
		{E22BEBE5-9E1A-49A9-B419-63B42AAA531C}.Release|x86.Build.0 = Release|Win32
		{445D426B-ED2F-4722-AA29-8839AB3BF3CD}.Debug|x64.ActiveCfg = Debug|x64
		{445D426B-ED2F-4722-AA29-8839AB3BF3CD}.Debug|x64.Build.0 = Debug|x64
		{445D426B-ED2F-4722-AA29-8839AB3BF3CD}.Debug|x86.ActiveCfg = Debug|Win32
		{445D426B-ED2F-4722-AA29-8839AB3BF3CD}.Debug|x86.Build.0 = Debug|Win32
		{445D426B-ED2F-4722-AA29-8839AB3BF3CD}.Release|x64.ActiveCfg = Release|x64
		{445D426B-ED2F-4722-AA29-8839AB3BF3CD}.Release|x64.Build.0 = Release|x64
		{445D426B-ED2F-4722-AA29-8839AB3BF3CD}.Release|x86.ActiveCfg = Release|Win32
		{445D426B-ED2F-4722-AA29-8839AB3BF3CD}.Release|x86.Build.0 = Release|Win32
		{7DDA2AD6-0DD7-410D-ABBD-0C2E487C7ECB}.Debug|x64.ActiveCfg = Debug|x64
		{7DDA2AD6-0DD7-410D-ABBD-0C2E487C7ECB}.Debug|x64.Build.0 = Debug|x64
		{7DDA2AD6-0DD7-410D-ABBD-0C2E487C7ECB}.Debug|x86.ActiveCfg = Debug|Win32
		{7DDA2AD6-0DD7-410D-ABBD-0C2E487C7ECB}.Debug|x86.Build.0 = Debug|Win32
		{7DDA2AD6-0DD7-410D-ABBD-0C2E487C7ECB}.Release|x64.ActiveCfg = Release|x64
		{7DDA2AD6-0DD7-410D-ABBD-0C2E487C7ECB}.Release|x64.Build.0 = Release|x64
		{7DDA2AD6-0DD7-410D-ABBD-0C2E487C7ECB}.Release|x86.ActiveCfg = Release|Win32
		{7DDA2AD6-0DD7-410D-ABBD-0C2E487C7ECB}.Release|x86.Build.0 = Release|Win32
		{069A4DA1-6574-421E-AC1F-8D6AF832ADEC}.Debug|x64.ActiveCfg = Debug|x64
		{069A4DA1-6574-421E-AC1F-8D6AF832ADEC}.Debug|x64.Build.0 = Debug|x64
		{069A4DA1-6574-421E-AC1F-8D6AF832ADEC}.Debug|x86.ActiveCfg = Debug|Win32
		{069A4DA1-6574-421E-AC1F-8D6AF832ADEC}.Debug|x86.Build.0 = Debug|Win32
		{069A4DA1-6574-421E-AC1F-8D6AF832ADEC}.Release|x64.ActiveCfg = Release|x64
		{069A4DA1-6574-421E-AC1F-8D6AF832ADEC}.Release|x64.Build.0 = Release|x64
		{069A4DA1-6574-421E-AC1F-8D6AF832ADEC}.Release|x86.ActiveCfg = Release|Win32
		{069A4DA1-6574-421E-AC1F-8D6AF832ADEC}.Release|x86.Build.0 = Release|Win32
		{863AFA80-428F-4FB1-9965-F8D8F59D84D4}.Debug|x64.ActiveCfg = Debug|x64
		{863AFA80-428F-4FB1-9965-F8D8F59D84D4}.Debug|x64.Build.0 = Debug|x64
		{863AFA80-428F-4FB1-9965-F8D8F59D84D4}.Debug|x86.ActiveCfg = Debug|Win32
		{863AFA80-428F-4FB1-9965-F8D8F59D84D4}.Debug|x86.Build.0 = Debug|Win32
		{863AFA80-428F-4FB1-9965-F8D8F59D84D4}.Release|x64.ActiveCfg = Release|x64
		{863AFA80-428F-4FB1-9965-F8D8F59D84D4}.Release|x64.Build.0 = Release|x64
		{863AFA80-428F-4FB1-9965-F8D8F59D84D4}.Release|x86.ActiveCfg = Release|Win32
		{863AFA80-428F-4FB1-9965-F8D8F59D84D4}.Release|x86.Build.0 = Release|Win32
		{1F954230-5145-4F7D-A2B0-A1F699ADD20C}.Debug|x64.ActiveCfg = Debug|x64
		{1F954230-5145-4F7D-A2B0-A1F699ADD20C}.Debug|x64.Build.0 = Debug|x64
		{1F954230-5145-4F7D-A2B0-A1F699ADD20C}.Debug|x86.ActiveCfg = Debug|Win32
		{1F954230-5145-4F7D-A2B0-A1F699ADD20C}.Debug|x86.Build.0 = Debug|Win32
		{1F954230-5145-4F7D-A2B0-A1F699ADD20C}.Release|x64.ActiveCfg = Release|x64
		{1F954230-5145-4F7D-A2B0-A1F699ADD20C}.Release|x64.Build.0 = Release|x64
		{1F954230-5145-4F7D-A2B0-A1F699ADD20C}.Release|x86.ActiveCfg = Release|Win32
		{1F954230-5145-4F7D-A2B0-A1F699ADD20C}.Release|x86.Build.0 = Release|Win32
		{EBBE65FF-0CD6-481E-933D-752EA826258E}.Debug|x64.ActiveCfg = Debug|x64
		{EBBE65FF-0CD6-481E-933D-752EA826258E}.Debug|x64.Build.0 = Debug|x64
		{EBBE65FF-0CD6-481E-933D-752EA826258E}.Debug|x86.ActiveCfg = Debug|Win32
		{EBBE65FF-0CD6-481E-933D-752EA826258E}.Debug|x86.Build.0 = Debug|Win32
		{EBBE65FF-0CD6-481E-933D-752EA826258E}.Release|x64.ActiveCfg = Release|x64
		{EBBE65FF-0CD6-481E-933D-752EA826258E}.Release|x64.Build.0 = Release|x64
		{EBBE65FF-0CD6-481E-933D-752EA826258E}.Release|x86.ActiveCfg = Release|Win32
		{EBBE65FF-0CD6-481E-933D-752EA826258E}.Release|x86.Build.0 = Release|Win32
		{2B9EEFCF-E101-4B43-902F-581B273FF4DE}.Debug|x64.ActiveCfg = Debug|x64
		{2B9EEFCF-E101-4B43-902F-581B273FF4DE}.Debug|x64.Build.0 = Debug|x64
		{2B9EEFCF-E101-4B43-902F-581B273FF4DE}.Debug|x86.ActiveCfg = Debug|Win32
		{2B9EEFCF-E101-4B43-902F-581B273FF4DE}.Debug|x86.Build.0 = Debug|Win32
		{2B9EEFCF-E101-4B43-902F-581B273FF4DE}.Release|x64.ActiveCfg = Release|x64
		{2B9EEFCF-E101-4B43-902F-581B273FF4DE}.Release|x64.Build.0 = Release|x64
		{2B9EEFCF-E101-4B43-902F-581B273FF4DE}.Release|x86.ActiveCfg = Release|Win32
		{2B9EEFCF-E101-4B43-902F-581B273FF4DE}.Release|x86.Build.0 = Release|Win32
		{43FED207-F80C-4521-A64B-9A7971586969}.Debug|x64.ActiveCfg = Debug|x64
		{43FED207-F80C-4521-A64B-9A7971586969}.Debug|x64.Build.0 = Debug|x64
		{43FED207-F80C-4521-A64B-9A7971586969}.Debug|x86.ActiveCfg = Debug|Win32
		{43FED207-F80C-4521-A64B-9A7971586969}.Debug|x86.Build.0 = Debug|Win32
		{43FED207-F80C-4521-A64B-9A7971586969}.Release|x64.ActiveCfg = Release|x64
		{43FED207-F80C-4521-A64B-9A7971586969}.Release|x64.Build.0 = Release|x64
		{43FED207-F80C-4521-A64B-9A7971586969}.Release|x86.ActiveCfg = Release|Win32
		{43FED207-F80C-4521-A64B-9A7971586969}.Release|x86.Build.0 = Release|Win32
		{18F8CFD1-4BAA-4C6C-9873-C240F6647364}.Debug|x64.ActiveCfg = Debug|x64
		{18F8CFD1-4BAA-4C6C-9873-C240F6647364}.Debug|x64.Build.0 = Debug|x64
		{18F8CFD1-4BAA-4C6C-9873-C240F6647364}.Debug|x86.ActiveCfg = Debug|Win32
		{18F8CFD1-4BAA-4C6C-9873-C240F6647364}.Debug|x86.Build.0 = Debug|Win32
		{18F8CFD1-4BAA-4C6C-9873-C240F6647364}.Release|x64.ActiveCfg = Release|x64
		{18F8CFD1-4BAA-4C6C-9873-C240F6647364}.Release|x64.Build.0 = Release|x64
		{18F8CFD1-4BAA-4C6C-9873-C240F6647364}.Release|x86.ActiveCfg = Release|Win32
		{18F8CFD1-4BAA-4C6C-9873-C240F6647364}.Release|x86.Build.0 = Release|Win32
		{89E6FDFE-FB0C-4285-968D-6EE8FB45D1C5}.Debug|x64.ActiveCfg = Debug|x64
		{89E6FDFE-FB0C-4285-968D-6EE8FB45D1C5}.Debug|x64.Build.0 = Debug|x64
		{89E6FDFE-FB0C-4285-968D-6EE8FB45D1C5}.Debug|x86.ActiveCfg = Debug|Win32
		{89E6FDFE-FB0C-4285-968D-6EE8FB45D1C5}.Debug|x86.Build.0 = Debug|Win32
		{89E6FDFE-FB0C-4285-968D-6EE8FB45D1C5}.Release|x64.ActiveCfg = Release|x64
		{89E6FDFE-FB0C-4285-968D-6EE8FB45D1C5}.Release|x64.Build.0 = Release|x64
		{89E6FDFE-FB0C-4285-968D-6EE8FB45D1C5}.Release|x86.ActiveCfg = Release|Win32
		{89E6FDFE-FB0C-4285-968D-6EE8FB45D1C5}.Release|x86.Build.0 = Release|Win32
		{35B5AE6E-999E-45CA-843F-2A5AF6D02930}.Debug|x64.ActiveCfg = Debug|x64
		{35B5AE6E-999E-45CA-843F-2A5AF6D02930}.Debug|x64.Build.0 = Debug|x64
		{35B5AE6E-999E-45CA-843F-2A5AF6D02930}.Debug|x86.ActiveCfg = Debug|Win32
		{35B5AE6E-999E-45CA-843F-2A5AF6D02930}.Debug|x86.Build.0 = Debug|Win32
		{35B5AE6E-999E-45CA-843F-2A5AF6D02930}.Release|x64.ActiveCfg = Release|x64
		{35B5AE6E-999E-45CA-843F-2A5AF6D02930}.Release|x64.Build.0 = Release|x64
		{35B5AE6E-999E-45CA-843F-2A5AF6D02930}.Release|x86.ActiveCfg = Release|Win32
		{35B5AE6E-999E-45CA-843F-2A5AF6D02930}.Release|x86.Build.0 = Release|Win32
		{CFE77373-4CF0-4950-857F-A761C37279B6}.Debug|x64.ActiveCfg = Debug|x64
		{CFE77373-4CF0-4950-857F-A761C37279B6}.Debug|x64.Build.0 = Debug|x64
		{CFE77373-4CF0-4950-857F-A761C37279B6}.Debug|x86.ActiveCfg = Debug|Win32
		{CFE77373-4CF0-4950-857F-A761C37279B6}.Debug|x86.Build.0 = Debug|Win32
		{CFE77373-4CF0-4950-857F-A761C37279B6}.Release|x64.ActiveCfg = Release|x64
		{CFE77373-4CF0-4950-857F-A761C37279B6}.Release|x64.Build.0 = Release|x64
		{CFE77373-4CF0-4950-857F-A761C37279B6}.Release|x86.ActiveCfg = Release|Win32
		{CFE77373-4CF0-4950-857F-A761C37279B6}.Release|x86.Build.0 = Release|Win32
	EndGlobalSection
	GlobalSection(SolutionProperties) = preSolution
		HideSolutionNode = FALSE
	EndGlobalSection
	GlobalSection(ExtensibilityGlobals) = postSolution
		SolutionGuid = {E4F852AA-FDB6-4DE0-AF2E-7D639D00DD15}
	EndGlobalSection
EndGlobal
