
Microsoft Visual Studio Solution File, Format Version 12.00
# Visual Studio Version 17
VisualStudioVersion = 17.6.33815.320
MinimumVisualStudioVersion = 10.0.40219.1
Project("{8BC9CEB8-8B4A-11D0-8D11-00A0C91BC942}") = "Cpp_Chapter4_test", "Cpp_Chapter4_test\Cpp_Chapter4_test.vcxproj", "{39F4F2C1-448F-4CB2-841E-1009BB1FA8A9}"
EndProject
Project("{8BC9CEB8-8B4A-11D0-8D11-00A0C91BC942}") = "4-2", "4-2\4-2.vcxproj", "{5627C04D-45EC-4CD8-BD40-7A93DF0ADCDA}"
EndProject
Project("{8BC9CEB8-8B4A-11D0-8D11-00A0C91BC942}") = "4-3", "4-3\4-3.vcxproj", "{032D061B-B9F9-4500-90A1-B319D9B16D4E}"
EndProject
Project("{8BC9CEB8-8B4A-11D0-8D11-00A0C91BC942}") = "4-4", "4-4\4-4.vcxproj", "{EF94F201-D281-4D1C-A621-385488F55D7A}"
EndProject
Project("{8BC9CEB8-8B4A-11D0-8D11-00A0C91BC942}") = "4-5", "4-5\4-5.vcxproj", "{F24C2329-3081-4AAE-89C3-AA4152508551}"
EndProject
Project("{8BC9CEB8-8B4A-11D0-8D11-00A0C91BC942}") = "4-6", "4-6\4-6.vcxproj", "{E2BB987F-EF0A-4955-858E-07C1A710D715}"
EndProject
Project("{8BC9CEB8-8B4A-11D0-8D11-00A0C91BC942}") = "4-7", "4-7\4-7.vcxproj", "{D27E78C5-75B7-48AD-855B-4AEECBA85CD8}"
EndProject
Project("{8BC9CEB8-8B4A-11D0-8D11-00A0C91BC942}") = "4-8", "4-8\4-8.vcxproj", "{C3395754-094B-4314-A52F-E404B72A4BBB}"
EndProject
Project("{8BC9CEB8-8B4A-11D0-8D11-00A0C91BC942}") = "4-9", "4-9\4-9.vcxproj", "{5AE7D5E1-440B-4696-A4CC-C44CE783EB5C}"
EndProject
Project("{8BC9CEB8-8B4A-11D0-8D11-00A0C91BC942}") = "4-10", "4-10\4-10.vcxproj", "{79E1E223-683B-4CB1-8A1D-4484DFEDFAB7}"
EndProject
Project("{8BC9CEB8-8B4A-11D0-8D11-00A0C91BC942}") = "4-11", "4-11\4-11.vcxproj", "{CFA0E5E0-BA5F-489A-95FF-2D1CB423A2D5}"
EndProject
Project("{8BC9CEB8-8B4A-11D0-8D11-00A0C91BC942}") = "4-12", "4-12\4-12.vcxproj", "{E2C46E08-9266-4B61-886B-C9B0871B6F46}"
EndProject
Project("{8BC9CEB8-8B4A-11D0-8D11-00A0C91BC942}") = "4-13", "4-13\4-13.vcxproj", "{C72CE4DB-072D-4010-9F59-BDDF1AB84DFF}"
EndProject
Project("{8BC9CEB8-8B4A-11D0-8D11-00A0C91BC942}") = "4-14", "4-14\4-14.vcxproj", "{B66BC542-D006-4B05-B6F4-AE762E8E0C47}"
EndProject
Global
	GlobalSection(SolutionConfigurationPlatforms) = preSolution
		Debug|x64 = Debug|x64
		Debug|x86 = Debug|x86
		Release|x64 = Release|x64
		Release|x86 = Release|x86
	EndGlobalSection
	GlobalSection(ProjectConfigurationPlatforms) = postSolution
		{39F4F2C1-448F-4CB2-841E-1009BB1FA8A9}.Debug|x64.ActiveCfg = Debug|x64
		{39F4F2C1-448F-4CB2-841E-1009BB1FA8A9}.Debug|x64.Build.0 = Debug|x64
		{39F4F2C1-448F-4CB2-841E-1009BB1FA8A9}.Debug|x86.ActiveCfg = Debug|Win32
		{39F4F2C1-448F-4CB2-841E-1009BB1FA8A9}.Debug|x86.Build.0 = Debug|Win32
		{39F4F2C1-448F-4CB2-841E-1009BB1FA8A9}.Release|x64.ActiveCfg = Release|x64
		{39F4F2C1-448F-4CB2-841E-1009BB1FA8A9}.Release|x64.Build.0 = Release|x64
		{39F4F2C1-448F-4CB2-841E-1009BB1FA8A9}.Release|x86.ActiveCfg = Release|Win32
		{39F4F2C1-448F-4CB2-841E-1009BB1FA8A9}.Release|x86.Build.0 = Release|Win32
		{5627C04D-45EC-4CD8-BD40-7A93DF0ADCDA}.Debug|x64.ActiveCfg = Debug|x64
		{5627C04D-45EC-4CD8-BD40-7A93DF0ADCDA}.Debug|x64.Build.0 = Debug|x64
		{5627C04D-45EC-4CD8-BD40-7A93DF0ADCDA}.Debug|x86.ActiveCfg = Debug|Win32
		{5627C04D-45EC-4CD8-BD40-7A93DF0ADCDA}.Debug|x86.Build.0 = Debug|Win32
		{5627C04D-45EC-4CD8-BD40-7A93DF0ADCDA}.Release|x64.ActiveCfg = Release|x64
		{5627C04D-45EC-4CD8-BD40-7A93DF0ADCDA}.Release|x64.Build.0 = Release|x64
		{5627C04D-45EC-4CD8-BD40-7A93DF0ADCDA}.Release|x86.ActiveCfg = Release|Win32
		{5627C04D-45EC-4CD8-BD40-7A93DF0ADCDA}.Release|x86.Build.0 = Release|Win32
		{032D061B-B9F9-4500-90A1-B319D9B16D4E}.Debug|x64.ActiveCfg = Debug|x64
		{032D061B-B9F9-4500-90A1-B319D9B16D4E}.Debug|x64.Build.0 = Debug|x64
		{032D061B-B9F9-4500-90A1-B319D9B16D4E}.Debug|x86.ActiveCfg = Debug|Win32
		{032D061B-B9F9-4500-90A1-B319D9B16D4E}.Debug|x86.Build.0 = Debug|Win32
		{032D061B-B9F9-4500-90A1-B319D9B16D4E}.Release|x64.ActiveCfg = Release|x64
		{032D061B-B9F9-4500-90A1-B319D9B16D4E}.Release|x64.Build.0 = Release|x64
		{032D061B-B9F9-4500-90A1-B319D9B16D4E}.Release|x86.ActiveCfg = Release|Win32
		{032D061B-B9F9-4500-90A1-B319D9B16D4E}.Release|x86.Build.0 = Release|Win32
		{EF94F201-D281-4D1C-A621-385488F55D7A}.Debug|x64.ActiveCfg = Debug|x64
		{EF94F201-D281-4D1C-A621-385488F55D7A}.Debug|x64.Build.0 = Debug|x64
		{EF94F201-D281-4D1C-A621-385488F55D7A}.Debug|x86.ActiveCfg = Debug|Win32
		{EF94F201-D281-4D1C-A621-385488F55D7A}.Debug|x86.Build.0 = Debug|Win32
		{EF94F201-D281-4D1C-A621-385488F55D7A}.Release|x64.ActiveCfg = Release|x64
		{EF94F201-D281-4D1C-A621-385488F55D7A}.Release|x64.Build.0 = Release|x64
		{EF94F201-D281-4D1C-A621-385488F55D7A}.Release|x86.ActiveCfg = Release|Win32
		{EF94F201-D281-4D1C-A621-385488F55D7A}.Release|x86.Build.0 = Release|Win32
		{F24C2329-3081-4AAE-89C3-AA4152508551}.Debug|x64.ActiveCfg = Debug|x64
		{F24C2329-3081-4AAE-89C3-AA4152508551}.Debug|x64.Build.0 = Debug|x64
		{F24C2329-3081-4AAE-89C3-AA4152508551}.Debug|x86.ActiveCfg = Debug|Win32
		{F24C2329-3081-4AAE-89C3-AA4152508551}.Debug|x86.Build.0 = Debug|Win32
		{F24C2329-3081-4AAE-89C3-AA4152508551}.Release|x64.ActiveCfg = Release|x64
		{F24C2329-3081-4AAE-89C3-AA4152508551}.Release|x64.Build.0 = Release|x64
		{F24C2329-3081-4AAE-89C3-AA4152508551}.Release|x86.ActiveCfg = Release|Win32
		{F24C2329-3081-4AAE-89C3-AA4152508551}.Release|x86.Build.0 = Release|Win32
		{E2BB987F-EF0A-4955-858E-07C1A710D715}.Debug|x64.ActiveCfg = Debug|x64
		{E2BB987F-EF0A-4955-858E-07C1A710D715}.Debug|x64.Build.0 = Debug|x64
		{E2BB987F-EF0A-4955-858E-07C1A710D715}.Debug|x86.ActiveCfg = Debug|Win32
		{E2BB987F-EF0A-4955-858E-07C1A710D715}.Debug|x86.Build.0 = Debug|Win32
		{E2BB987F-EF0A-4955-858E-07C1A710D715}.Release|x64.ActiveCfg = Release|x64
		{E2BB987F-EF0A-4955-858E-07C1A710D715}.Release|x64.Build.0 = Release|x64
		{E2BB987F-EF0A-4955-858E-07C1A710D715}.Release|x86.ActiveCfg = Release|Win32
		{E2BB987F-EF0A-4955-858E-07C1A710D715}.Release|x86.Build.0 = Release|Win32
		{D27E78C5-75B7-48AD-855B-4AEECBA85CD8}.Debug|x64.ActiveCfg = Debug|x64
		{D27E78C5-75B7-48AD-855B-4AEECBA85CD8}.Debug|x64.Build.0 = Debug|x64
		{D27E78C5-75B7-48AD-855B-4AEECBA85CD8}.Debug|x86.ActiveCfg = Debug|Win32
		{D27E78C5-75B7-48AD-855B-4AEECBA85CD8}.Debug|x86.Build.0 = Debug|Win32
		{D27E78C5-75B7-48AD-855B-4AEECBA85CD8}.Release|x64.ActiveCfg = Release|x64
		{D27E78C5-75B7-48AD-855B-4AEECBA85CD8}.Release|x64.Build.0 = Release|x64
		{D27E78C5-75B7-48AD-855B-4AEECBA85CD8}.Release|x86.ActiveCfg = Release|Win32
		{D27E78C5-75B7-48AD-855B-4AEECBA85CD8}.Release|x86.Build.0 = Release|Win32
		{C3395754-094B-4314-A52F-E404B72A4BBB}.Debug|x64.ActiveCfg = Debug|x64
		{C3395754-094B-4314-A52F-E404B72A4BBB}.Debug|x64.Build.0 = Debug|x64
		{C3395754-094B-4314-A52F-E404B72A4BBB}.Debug|x86.ActiveCfg = Debug|Win32
		{C3395754-094B-4314-A52F-E404B72A4BBB}.Debug|x86.Build.0 = Debug|Win32
		{C3395754-094B-4314-A52F-E404B72A4BBB}.Release|x64.ActiveCfg = Release|x64
		{C3395754-094B-4314-A52F-E404B72A4BBB}.Release|x64.Build.0 = Release|x64
		{C3395754-094B-4314-A52F-E404B72A4BBB}.Release|x86.ActiveCfg = Release|Win32
		{C3395754-094B-4314-A52F-E404B72A4BBB}.Release|x86.Build.0 = Release|Win32
		{5AE7D5E1-440B-4696-A4CC-C44CE783EB5C}.Debug|x64.ActiveCfg = Debug|x64
		{5AE7D5E1-440B-4696-A4CC-C44CE783EB5C}.Debug|x64.Build.0 = Debug|x64
		{5AE7D5E1-440B-4696-A4CC-C44CE783EB5C}.Debug|x86.ActiveCfg = Debug|Win32
		{5AE7D5E1-440B-4696-A4CC-C44CE783EB5C}.Debug|x86.Build.0 = Debug|Win32
		{5AE7D5E1-440B-4696-A4CC-C44CE783EB5C}.Release|x64.ActiveCfg = Release|x64
		{5AE7D5E1-440B-4696-A4CC-C44CE783EB5C}.Release|x64.Build.0 = Release|x64
		{5AE7D5E1-440B-4696-A4CC-C44CE783EB5C}.Release|x86.ActiveCfg = Release|Win32
		{5AE7D5E1-440B-4696-A4CC-C44CE783EB5C}.Release|x86.Build.0 = Release|Win32
		{79E1E223-683B-4CB1-8A1D-4484DFEDFAB7}.Debug|x64.ActiveCfg = Debug|x64
		{79E1E223-683B-4CB1-8A1D-4484DFEDFAB7}.Debug|x64.Build.0 = Debug|x64
		{79E1E223-683B-4CB1-8A1D-4484DFEDFAB7}.Debug|x86.ActiveCfg = Debug|Win32
		{79E1E223-683B-4CB1-8A1D-4484DFEDFAB7}.Debug|x86.Build.0 = Debug|Win32
		{79E1E223-683B-4CB1-8A1D-4484DFEDFAB7}.Release|x64.ActiveCfg = Release|x64
		{79E1E223-683B-4CB1-8A1D-4484DFEDFAB7}.Release|x64.Build.0 = Release|x64
		{79E1E223-683B-4CB1-8A1D-4484DFEDFAB7}.Release|x86.ActiveCfg = Release|Win32
		{79E1E223-683B-4CB1-8A1D-4484DFEDFAB7}.Release|x86.Build.0 = Release|Win32
		{CFA0E5E0-BA5F-489A-95FF-2D1CB423A2D5}.Debug|x64.ActiveCfg = Debug|x64
		{CFA0E5E0-BA5F-489A-95FF-2D1CB423A2D5}.Debug|x64.Build.0 = Debug|x64
		{CFA0E5E0-BA5F-489A-95FF-2D1CB423A2D5}.Debug|x86.ActiveCfg = Debug|Win32
		{CFA0E5E0-BA5F-489A-95FF-2D1CB423A2D5}.Debug|x86.Build.0 = Debug|Win32
		{CFA0E5E0-BA5F-489A-95FF-2D1CB423A2D5}.Release|x64.ActiveCfg = Release|x64
		{CFA0E5E0-BA5F-489A-95FF-2D1CB423A2D5}.Release|x64.Build.0 = Release|x64
		{CFA0E5E0-BA5F-489A-95FF-2D1CB423A2D5}.Release|x86.ActiveCfg = Release|Win32
		{CFA0E5E0-BA5F-489A-95FF-2D1CB423A2D5}.Release|x86.Build.0 = Release|Win32
		{E2C46E08-9266-4B61-886B-C9B0871B6F46}.Debug|x64.ActiveCfg = Debug|x64
		{E2C46E08-9266-4B61-886B-C9B0871B6F46}.Debug|x64.Build.0 = Debug|x64
		{E2C46E08-9266-4B61-886B-C9B0871B6F46}.Debug|x86.ActiveCfg = Debug|Win32
		{E2C46E08-9266-4B61-886B-C9B0871B6F46}.Debug|x86.Build.0 = Debug|Win32
		{E2C46E08-9266-4B61-886B-C9B0871B6F46}.Release|x64.ActiveCfg = Release|x64
		{E2C46E08-9266-4B61-886B-C9B0871B6F46}.Release|x64.Build.0 = Release|x64
		{E2C46E08-9266-4B61-886B-C9B0871B6F46}.Release|x86.ActiveCfg = Release|Win32
		{E2C46E08-9266-4B61-886B-C9B0871B6F46}.Release|x86.Build.0 = Release|Win32
		{C72CE4DB-072D-4010-9F59-BDDF1AB84DFF}.Debug|x64.ActiveCfg = Debug|x64
		{C72CE4DB-072D-4010-9F59-BDDF1AB84DFF}.Debug|x64.Build.0 = Debug|x64
		{C72CE4DB-072D-4010-9F59-BDDF1AB84DFF}.Debug|x86.ActiveCfg = Debug|Win32
		{C72CE4DB-072D-4010-9F59-BDDF1AB84DFF}.Debug|x86.Build.0 = Debug|Win32
		{C72CE4DB-072D-4010-9F59-BDDF1AB84DFF}.Release|x64.ActiveCfg = Release|x64
		{C72CE4DB-072D-4010-9F59-BDDF1AB84DFF}.Release|x64.Build.0 = Release|x64
		{C72CE4DB-072D-4010-9F59-BDDF1AB84DFF}.Release|x86.ActiveCfg = Release|Win32
		{C72CE4DB-072D-4010-9F59-BDDF1AB84DFF}.Release|x86.Build.0 = Release|Win32
		{B66BC542-D006-4B05-B6F4-AE762E8E0C47}.Debug|x64.ActiveCfg = Debug|x64
		{B66BC542-D006-4B05-B6F4-AE762E8E0C47}.Debug|x64.Build.0 = Debug|x64
		{B66BC542-D006-4B05-B6F4-AE762E8E0C47}.Debug|x86.ActiveCfg = Debug|Win32
		{B66BC542-D006-4B05-B6F4-AE762E8E0C47}.Debug|x86.Build.0 = Debug|Win32
		{B66BC542-D006-4B05-B6F4-AE762E8E0C47}.Release|x64.ActiveCfg = Release|x64
		{B66BC542-D006-4B05-B6F4-AE762E8E0C47}.Release|x64.Build.0 = Release|x64
		{B66BC542-D006-4B05-B6F4-AE762E8E0C47}.Release|x86.ActiveCfg = Release|Win32
		{B66BC542-D006-4B05-B6F4-AE762E8E0C47}.Release|x86.Build.0 = Release|Win32
	EndGlobalSection
	GlobalSection(SolutionProperties) = preSolution
		HideSolutionNode = FALSE
	EndGlobalSection
	GlobalSection(ExtensibilityGlobals) = postSolution
		SolutionGuid = {3BB69506-09A0-467C-ACBD-BB7B719019AD}
	EndGlobalSection
EndGlobal
